
Microsoft Visual Studio Solution File, Format Version 12.00
# Visual Studio Version 16
VisualStudioVersion = 16.0.30011.22
MinimumVisualStudioVersion = 10.0.40219.1
Project("{9A19103F-16F7-4668-BE54-9A1E7A4F7556}") = "GameEntity", "GameEntity.csproj", "{83828EF8-43BA-475B-A218-7C37BF7BD881}"
EndProject
Project("{FAE04EC0-301F-11D3-BF4B-00C04F79EFBC}") = "GameEntityTest", "..\GameEntityTest\GameEntityTest.csproj", "{2E053AA2-30B1-4CFB-8A20-5BE2EFB40E92}"
EndProject
Global
	GlobalSection(SolutionConfigurationPlatforms) = preSolution
		Debug|Any CPU = Debug|Any CPU
		Release|Any CPU = Release|Any CPU
	EndGlobalSection
	GlobalSection(ProjectConfigurationPlatforms) = postSolution
		{83828EF8-43BA-475B-A218-7C37BF7BD881}.Debug|Any CPU.ActiveCfg = Debug|Any CPU
		{83828EF8-43BA-475B-A218-7C37BF7BD881}.Debug|Any CPU.Build.0 = Debug|Any CPU
		{83828EF8-43BA-475B-A218-7C37BF7BD881}.Release|Any CPU.ActiveCfg = Release|Any CPU
		{83828EF8-43BA-475B-A218-7C37BF7BD881}.Release|Any CPU.Build.0 = Release|Any CPU
		{2E053AA2-30B1-4CFB-8A20-5BE2EFB40E92}.Debug|Any CPU.ActiveCfg = Debug|Any CPU
		{2E053AA2-30B1-4CFB-8A20-5BE2EFB40E92}.Debug|Any CPU.Build.0 = Debug|Any CPU
		{2E053AA2-30B1-4CFB-8A20-5BE2EFB40E92}.Release|Any CPU.ActiveCfg = Release|Any CPU
		{2E053AA2-30B1-4CFB-8A20-5BE2EFB40E92}.Release|Any CPU.Build.0 = Release|Any CPU
	EndGlobalSection
	GlobalSection(SolutionProperties) = preSolution
		HideSolutionNode = FALSE
	EndGlobalSection
	GlobalSection(ExtensibilityGlobals) = postSolution
		SolutionGuid = {39C0D6C6-DDC8-48B5-9D21-D30B54DEE787}
	EndGlobalSection
EndGlobal
