
Microsoft Visual Studio Solution File, Format Version 12.00
# Visual Studio 15
VisualStudioVersion = 15.0.28307.1082
MinimumVisualStudioVersion = 10.0.40219.1
Project("{9A19103F-16F7-4668-BE54-9A1E7A4F7556}") = "Csharp_LuciaFabbri", "Csharp_LuciaFabbri\Csharp_LuciaFabbri.csproj", "{95B0AC94-03D2-46C3-A2ED-AE10036F472F}"
EndProject
Project("{FAE04EC0-301F-11D3-BF4B-00C04F79EFBC}") = "Test1", "Test1\Test1.csproj", "{A6AEBE93-4A30-442F-8E0B-88D763489E67}"
	ProjectSection(ProjectDependencies) = postProject
		{95B0AC94-03D2-46C3-A2ED-AE10036F472F} = {95B0AC94-03D2-46C3-A2ED-AE10036F472F}
	EndProjectSection
EndProject
Global
	GlobalSection(SolutionConfigurationPlatforms) = preSolution
		Debug|Any CPU = Debug|Any CPU
		Release|Any CPU = Release|Any CPU
	EndGlobalSection
	GlobalSection(ProjectConfigurationPlatforms) = postSolution
		{95B0AC94-03D2-46C3-A2ED-AE10036F472F}.Debug|Any CPU.ActiveCfg = Debug|Any CPU
		{95B0AC94-03D2-46C3-A2ED-AE10036F472F}.Debug|Any CPU.Build.0 = Debug|Any CPU
		{95B0AC94-03D2-46C3-A2ED-AE10036F472F}.Release|Any CPU.ActiveCfg = Release|Any CPU
		{95B0AC94-03D2-46C3-A2ED-AE10036F472F}.Release|Any CPU.Build.0 = Release|Any CPU
		{A6AEBE93-4A30-442F-8E0B-88D763489E67}.Debug|Any CPU.ActiveCfg = Debug|Any CPU
		{A6AEBE93-4A30-442F-8E0B-88D763489E67}.Debug|Any CPU.Build.0 = Debug|Any CPU
		{A6AEBE93-4A30-442F-8E0B-88D763489E67}.Release|Any CPU.ActiveCfg = Release|Any CPU
		{A6AEBE93-4A30-442F-8E0B-88D763489E67}.Release|Any CPU.Build.0 = Release|Any CPU
	EndGlobalSection
	GlobalSection(SolutionProperties) = preSolution
		HideSolutionNode = FALSE
	EndGlobalSection
	GlobalSection(ExtensibilityGlobals) = postSolution
		SolutionGuid = {21687754-B179-4482-BFC8-B19FF68070C5}
	EndGlobalSection
EndGlobal
