
Microsoft Visual Studio Solution File, Format Version 12.00
# Visual Studio 15
VisualStudioVersion = 15.0.28307.1082
MinimumVisualStudioVersion = 10.0.40219.1
Project("{FAE04EC0-301F-11D3-BF4B-00C04F79EFBC}") = "ElaboratoCore", "elaboratocsharp\ElaboratoCore.csproj", "{A0A28B1C-75FA-43D4-9A03-F7D67A335C11}"
EndProject
Project("{FAE04EC0-301F-11D3-BF4B-00C04F79EFBC}") = "ElaboratoTests", "ElaboratoTests\ElaboratoTests.csproj", "{95F5FA9E-F133-4FE0-A2BF-923B4580B1FB}"
EndProject
Global
	GlobalSection(SolutionConfigurationPlatforms) = preSolution
		Debug|Any CPU = Debug|Any CPU
		Release|Any CPU = Release|Any CPU
	EndGlobalSection
	GlobalSection(ProjectConfigurationPlatforms) = postSolution
		{A0A28B1C-75FA-43D4-9A03-F7D67A335C11}.Debug|Any CPU.ActiveCfg = Debug|Any CPU
		{A0A28B1C-75FA-43D4-9A03-F7D67A335C11}.Debug|Any CPU.Build.0 = Debug|Any CPU
		{A0A28B1C-75FA-43D4-9A03-F7D67A335C11}.Release|Any CPU.ActiveCfg = Release|Any CPU
		{A0A28B1C-75FA-43D4-9A03-F7D67A335C11}.Release|Any CPU.Build.0 = Release|Any CPU
		{95F5FA9E-F133-4FE0-A2BF-923B4580B1FB}.Debug|Any CPU.ActiveCfg = Debug|Any CPU
		{95F5FA9E-F133-4FE0-A2BF-923B4580B1FB}.Debug|Any CPU.Build.0 = Debug|Any CPU
		{95F5FA9E-F133-4FE0-A2BF-923B4580B1FB}.Release|Any CPU.ActiveCfg = Release|Any CPU
		{95F5FA9E-F133-4FE0-A2BF-923B4580B1FB}.Release|Any CPU.Build.0 = Release|Any CPU
	EndGlobalSection
	GlobalSection(SolutionProperties) = preSolution
		HideSolutionNode = FALSE
	EndGlobalSection
	GlobalSection(ExtensibilityGlobals) = postSolution
		SolutionGuid = {73F3743E-17AA-4184-84EC-0B2F655EF012}
	EndGlobalSection
EndGlobal
